
Microsoft Visual Studio Solution File, Format Version 12.00
# Visual Studio Version 17
VisualStudioVersion = 17.7.34009.444
MinimumVisualStudioVersion = 10.0.40219.1
Project("{FAE04EC0-301F-11D3-BF4B-00C04F79EFBC}") = "GiftWebApp", "GiftWebApp\GiftWebApp.csproj", "{B2E65D3D-7A8D-4798-A0B1-1F3AEC4E5F1A}"
EndProject
Global
	GlobalSection(SolutionConfigurationPlatforms) = preSolution
		Debug|Any CPU = Debug|Any CPU
		Release|Any CPU = Release|Any CPU
	EndGlobalSection
	GlobalSection(ProjectConfigurationPlatforms) = postSolution
		{B2E65D3D-7A8D-4798-A0B1-1F3AEC4E5F1A}.Debug|Any CPU.ActiveCfg = Debug|Any CPU
		{B2E65D3D-7A8D-4798-A0B1-1F3AEC4E5F1A}.Debug|Any CPU.Build.0 = Debug|Any CPU
		{B2E65D3D-7A8D-4798-A0B1-1F3AEC4E5F1A}.Release|Any CPU.ActiveCfg = Release|Any CPU
		{B2E65D3D-7A8D-4798-A0B1-1F3AEC4E5F1A}.Release|Any CPU.Build.0 = Release|Any CPU
	EndGlobalSection
	GlobalSection(SolutionProperties) = preSolution
		HideSolutionNode = FALSE
	EndGlobalSection
	GlobalSection(ExtensibilityGlobals) = postSolution
		SolutionGuid = {41FA2627-349A-485B-A784-22DA8EA69160}
	EndGlobalSection
EndGlobal
